
Microsoft Visual Studio Solution File, Format Version 12.00
# Visual Studio Version 17
VisualStudioVersion = 17.5.33424.131
MinimumVisualStudioVersion = 10.0.40219.1
Project("{FAE04EC0-301F-11D3-BF4B-00C04F79EFBC}") = "Housekeeping", "Housekeeping\Housekeeping.csproj", "{3277B121-12EB-43DF-9D74-4F68EC37FC88}"
EndProject
Global
	GlobalSection(SolutionConfigurationPlatforms) = preSolution
		Debug|Any CPU = Debug|Any CPU
		Release|Any CPU = Release|Any CPU
	EndGlobalSection
	GlobalSection(ProjectConfigurationPlatforms) = postSolution
		{3277B121-12EB-43DF-9D74-4F68EC37FC88}.Debug|Any CPU.ActiveCfg = Debug|Any CPU
		{3277B121-12EB-43DF-9D74-4F68EC37FC88}.Debug|Any CPU.Build.0 = Debug|Any CPU
		{3277B121-12EB-43DF-9D74-4F68EC37FC88}.Release|Any CPU.ActiveCfg = Release|Any CPU
		{3277B121-12EB-43DF-9D74-4F68EC37FC88}.Release|Any CPU.Build.0 = Release|Any CPU
	EndGlobalSection
	GlobalSection(SolutionProperties) = preSolution
		HideSolutionNode = FALSE
	EndGlobalSection
	GlobalSection(ExtensibilityGlobals) = postSolution
		SolutionGuid = {1130FC4A-A40E-49AF-8BEE-6C1D82018404}
	EndGlobalSection
EndGlobal
